
Microsoft Visual Studio Solution File, Format Version 12.00
# Visual Studio Version 17
VisualStudioVersion = 17.1.32319.34
MinimumVisualStudioVersion = 10.0.40219.1
Project("{9A19103F-16F7-4668-BE54-9A1E7A4F7556}") = "MKeeper.Domain", "MKeeper.Domain\MKeeper.Domain.csproj", "{A2AC7B49-4AD4-4861-92F2-00CC878107C4}"
EndProject
Project("{9A19103F-16F7-4668-BE54-9A1E7A4F7556}") = "MKeeper.DataAccess.PSQL", "MKeeper.DataAccess.PSQL\MKeeper.DataAccess.PSQL.csproj", "{5AEBEF73-7C1A-40BC-9061-7EC62F88C69B}"
EndProject
Project("{FAE04EC0-301F-11D3-BF4B-00C04F79EFBC}") = "MKeeper.BusinessLogic", "MKeeper.BusinessLogic\MKeeper.BusinessLogic.csproj", "{DA71689C-0DAB-4F43-A9ED-E72EC1A5B368}"
EndProject
Project("{FAE04EC0-301F-11D3-BF4B-00C04F79EFBC}") = "MKeeper.BusinessLogic.XTests", "MKeeper.BusinessLogic.XTests\MKeeper.BusinessLogic.XTests.csproj", "{26225A40-6480-4EEE-9BBF-1497B10C4FAA}"
EndProject
Global
	GlobalSection(SolutionConfigurationPlatforms) = preSolution
		Debug|Any CPU = Debug|Any CPU
		Release|Any CPU = Release|Any CPU
	EndGlobalSection
	GlobalSection(ProjectConfigurationPlatforms) = postSolution
		{A2AC7B49-4AD4-4861-92F2-00CC878107C4}.Debug|Any CPU.ActiveCfg = Debug|Any CPU
		{A2AC7B49-4AD4-4861-92F2-00CC878107C4}.Debug|Any CPU.Build.0 = Debug|Any CPU
		{A2AC7B49-4AD4-4861-92F2-00CC878107C4}.Release|Any CPU.ActiveCfg = Release|Any CPU
		{A2AC7B49-4AD4-4861-92F2-00CC878107C4}.Release|Any CPU.Build.0 = Release|Any CPU
		{5AEBEF73-7C1A-40BC-9061-7EC62F88C69B}.Debug|Any CPU.ActiveCfg = Debug|Any CPU
		{5AEBEF73-7C1A-40BC-9061-7EC62F88C69B}.Debug|Any CPU.Build.0 = Debug|Any CPU
		{5AEBEF73-7C1A-40BC-9061-7EC62F88C69B}.Release|Any CPU.ActiveCfg = Release|Any CPU
		{5AEBEF73-7C1A-40BC-9061-7EC62F88C69B}.Release|Any CPU.Build.0 = Release|Any CPU
		{DA71689C-0DAB-4F43-A9ED-E72EC1A5B368}.Debug|Any CPU.ActiveCfg = Debug|Any CPU
		{DA71689C-0DAB-4F43-A9ED-E72EC1A5B368}.Debug|Any CPU.Build.0 = Debug|Any CPU
		{DA71689C-0DAB-4F43-A9ED-E72EC1A5B368}.Release|Any CPU.ActiveCfg = Release|Any CPU
		{DA71689C-0DAB-4F43-A9ED-E72EC1A5B368}.Release|Any CPU.Build.0 = Release|Any CPU
		{26225A40-6480-4EEE-9BBF-1497B10C4FAA}.Debug|Any CPU.ActiveCfg = Debug|Any CPU
		{26225A40-6480-4EEE-9BBF-1497B10C4FAA}.Debug|Any CPU.Build.0 = Debug|Any CPU
		{26225A40-6480-4EEE-9BBF-1497B10C4FAA}.Release|Any CPU.ActiveCfg = Release|Any CPU
		{26225A40-6480-4EEE-9BBF-1497B10C4FAA}.Release|Any CPU.Build.0 = Release|Any CPU
	EndGlobalSection
	GlobalSection(SolutionProperties) = preSolution
		HideSolutionNode = FALSE
	EndGlobalSection
	GlobalSection(ExtensibilityGlobals) = postSolution
		SolutionGuid = {5977F87D-7BBA-4A30-A477-6839E98C2E20}
	EndGlobalSection
EndGlobal
